
Microsoft Visual Studio Solution File, Format Version 12.00
# Visual Studio 15
Project("{FAE04EC0-301F-11D3-BF4B-00C04F79EFBC}") = "MVCMigration", "MVCMigration\MVCMigration.csproj", "{0F51D65C-4B56-43F3-926E-0DC5E1233565}"
EndProject
Global
	GlobalSection(SolutionConfigurationPlatforms) = preSolution
		Debug|Any CPU = Debug|Any CPU
		Release|Any CPU = Release|Any CPU
	EndGlobalSection
	GlobalSection(ProjectConfigurationPlatforms) = postSolution
		{0F51D65C-4B56-43F3-926E-0DC5E1233565}.Debug|Any CPU.ActiveCfg = Debug|Any CPU
		{0F51D65C-4B56-43F3-926E-0DC5E1233565}.Debug|Any CPU.Build.0 = Debug|Any CPU
		{0F51D65C-4B56-43F3-926E-0DC5E1233565}.Release|Any CPU.ActiveCfg = Release|Any CPU
		{0F51D65C-4B56-43F3-926E-0DC5E1233565}.Release|Any CPU.Build.0 = Release|Any CPU
	EndGlobalSection
EndGlobal
